
Microsoft Visual Studio Solution File, Format Version 12.00
# Visual Studio 15
VisualStudioVersion = 15.0.27703.2018
MinimumVisualStudioVersion = 10.0.40219.1
Project("{FAE04EC0-301F-11D3-BF4B-00C04F79EFBC}") = "Darbeliai", "Darbeliai\Darbeliai.csproj", "{6BD5DA69-5BFC-4533-B9C9-75DB94E56DEC}"
EndProject
Global
	GlobalSection(SolutionConfigurationPlatforms) = preSolution
		Debug|Any CPU = Debug|Any CPU
		Release|Any CPU = Release|Any CPU
	EndGlobalSection
	GlobalSection(ProjectConfigurationPlatforms) = postSolution
		{6BD5DA69-5BFC-4533-B9C9-75DB94E56DEC}.Debug|Any CPU.ActiveCfg = Debug|Any CPU
		{6BD5DA69-5BFC-4533-B9C9-75DB94E56DEC}.Debug|Any CPU.Build.0 = Debug|Any CPU
		{6BD5DA69-5BFC-4533-B9C9-75DB94E56DEC}.Release|Any CPU.ActiveCfg = Release|Any CPU
		{6BD5DA69-5BFC-4533-B9C9-75DB94E56DEC}.Release|Any CPU.Build.0 = Release|Any CPU
	EndGlobalSection
	GlobalSection(SolutionProperties) = preSolution
		HideSolutionNode = FALSE
	EndGlobalSection
	GlobalSection(ExtensibilityGlobals) = postSolution
		SolutionGuid = {80119E05-65F3-49E0-BE0B-45599EA145E5}
	EndGlobalSection
EndGlobal
